
Microsoft Visual Studio Solution File, Format Version 12.00
# Visual Studio Version 17
VisualStudioVersion = 17.5.33502.453
MinimumVisualStudioVersion = 10.0.40219.1
Project("{FAE04EC0-301F-11D3-BF4B-00C04F79EFBC}") = "TDD_Template", "TDD_Template.csproj", "{8489B938-6B9D-4C7C-AF50-0820EAAC04CF}"
EndProject
Global
	GlobalSection(SolutionConfigurationPlatforms) = preSolution
		Debug|Any CPU = Debug|Any CPU
		Release|Any CPU = Release|Any CPU
	EndGlobalSection
	GlobalSection(ProjectConfigurationPlatforms) = postSolution
		{8489B938-6B9D-4C7C-AF50-0820EAAC04CF}.Debug|Any CPU.ActiveCfg = Debug|Any CPU
		{8489B938-6B9D-4C7C-AF50-0820EAAC04CF}.Debug|Any CPU.Build.0 = Debug|Any CPU
		{8489B938-6B9D-4C7C-AF50-0820EAAC04CF}.Release|Any CPU.ActiveCfg = Release|Any CPU
		{8489B938-6B9D-4C7C-AF50-0820EAAC04CF}.Release|Any CPU.Build.0 = Release|Any CPU
	EndGlobalSection
	GlobalSection(SolutionProperties) = preSolution
		HideSolutionNode = FALSE
	EndGlobalSection
	GlobalSection(ExtensibilityGlobals) = postSolution
		SolutionGuid = {E14F8A3E-103B-443A-8D55-8C49E5FE22DA}
	EndGlobalSection
EndGlobal
